// !$*UTF8*$!
{
	archiveVersion = 1;
	classes = {
	};
	objectVersion = 56;
	objects = {

/* Begin PBXBuildFile section */
		0711B61A2C7188DF0039D825 /* voluntario.png in Resources */ = {isa = PBXBuildFile; fileRef = 0711B6192C7188DE0039D825 /* voluntario.png */; };
		0711B6522C7221930039D825 /* HomeScreen.swift in Sources */ = {isa = PBXBuildFile; fileRef = 0711B6512C7221930039D825 /* HomeScreen.swift */; };
		0711B6542C7248410039D825 /* Homev2Screen.swift in Sources */ = {isa = PBXBuildFile; fileRef = 0711B6532C7248400039D825 /* Homev2Screen.swift */; };
		0711B6562C72807D0039D825 /* GoogleService-Info.plist in Resources */ = {isa = PBXBuildFile; fileRef = 0711B6552C72807C0039D825 /* GoogleService-Info.plist */; };
		07C96CA42C7183D800CA3A07 /* EmergenciasBoliviaApp.swift in Sources */ = {isa = PBXBuildFile; fileRef = 07C96CA32C7183D800CA3A07 /* EmergenciasBoliviaApp.swift */; };
		07C96CA62C7183D800CA3A07 /* ContentView.swift in Sources */ = {isa = PBXBuildFile; fileRef = 07C96CA52C7183D800CA3A07 /* ContentView.swift */; };
		07C96CA82C7183E500CA3A07 /* Assets.xcassets in Resources */ = {isa = PBXBuildFile; fileRef = 07C96CA72C7183E500CA3A07 /* Assets.xcassets */; };
		07C96CAB2C7183E500CA3A07 /* Preview Assets.xcassets in Resources */ = {isa = PBXBuildFile; fileRef = 07C96CAA2C7183E500CA3A07 /* Preview Assets.xcassets */; };
		07C96CB52C7183E700CA3A07 /* EmergenciasBoliviaTests.swift in Sources */ = {isa = PBXBuildFile; fileRef = 07C96CB42C7183E700CA3A07 /* EmergenciasBoliviaTests.swift */; };
		07C96CBF2C7183E700CA3A07 /* EmergenciasBoliviaUITests.swift in Sources */ = {isa = PBXBuildFile; fileRef = 07C96CBE2C7183E700CA3A07 /* EmergenciasBoliviaUITests.swift */; };
		07C96CC12C7183E700CA3A07 /* EmergenciasBoliviaUITestsLaunchTests.swift in Sources */ = {isa = PBXBuildFile; fileRef = 07C96CC02C7183E700CA3A07 /* EmergenciasBoliviaUITestsLaunchTests.swift */; };
		378E0ECE7928E1343BF491B6 /* Pods_EmergenciasBolivia.framework in Frameworks */ = {isa = PBXBuildFile; fileRef = 5933FF5FF3BC26B6F2FE41FC /* Pods_EmergenciasBolivia.framework */; };
/* End PBXBuildFile section */

/* Begin PBXContainerItemProxy section */
		07C96CB12C7183E700CA3A07 /* PBXContainerItemProxy */ = {
			isa = PBXContainerItemProxy;
			containerPortal = 07C96C982C7183D700CA3A07 /* Project object */;
			proxyType = 1;
			remoteGlobalIDString = 07C96C9F2C7183D800CA3A07;
			remoteInfo = EmergenciasBolivia;
		};
		07C96CBB2C7183E700CA3A07 /* PBXContainerItemProxy */ = {
			isa = PBXContainerItemProxy;
			containerPortal = 07C96C982C7183D700CA3A07 /* Project object */;
			proxyType = 1;
			remoteGlobalIDString = 07C96C9F2C7183D800CA3A07;
			remoteInfo = EmergenciasBolivia;
		};
/* End PBXContainerItemProxy section */

/* Begin PBXFileReference section */
		0711B6192C7188DE0039D825 /* voluntario.png */ = {isa = PBXFileReference; lastKnownFileType = image.png; path = voluntario.png; sourceTree = "<group>"; };
		0711B6512C7221930039D825 /* HomeScreen.swift */ = {isa = PBXFileReference; lastKnownFileType = sourcecode.swift; path = HomeScreen.swift; sourceTree = "<group>"; };
		0711B6532C7248400039D825 /* Homev2Screen.swift */ = {isa = PBXFileReference; lastKnownFileType = sourcecode.swift; path = Homev2Screen.swift; sourceTree = "<group>"; };
		0711B6552C72807C0039D825 /* GoogleService-Info.plist */ = {isa = PBXFileReference; fileEncoding = 4; lastKnownFileType = text.plist.xml; path = "GoogleService-Info.plist"; sourceTree = "<group>"; };
		07C96CA02C7183D800CA3A07 /* EmergenciasBolivia.app */ = {isa = PBXFileReference; explicitFileType = wrapper.application; includeInIndex = 0; path = EmergenciasBolivia.app; sourceTree = BUILT_PRODUCTS_DIR; };
		07C96CA32C7183D800CA3A07 /* EmergenciasBoliviaApp.swift */ = {isa = PBXFileReference; lastKnownFileType = sourcecode.swift; path = EmergenciasBoliviaApp.swift; sourceTree = "<group>"; };
		07C96CA52C7183D800CA3A07 /* ContentView.swift */ = {isa = PBXFileReference; lastKnownFileType = sourcecode.swift; path = ContentView.swift; sourceTree = "<group>"; };
		07C96CA72C7183E500CA3A07 /* Assets.xcassets */ = {isa = PBXFileReference; lastKnownFileType = folder.assetcatalog; path = Assets.xcassets; sourceTree = "<group>"; };
		07C96CAA2C7183E500CA3A07 /* Preview Assets.xcassets */ = {isa = PBXFileReference; lastKnownFileType = folder.assetcatalog; path = "Preview Assets.xcassets"; sourceTree = "<group>"; };
		07C96CB02C7183E700CA3A07 /* EmergenciasBoliviaTests.xctest */ = {isa = PBXFileReference; explicitFileType = wrapper.cfbundle; includeInIndex = 0; path = EmergenciasBoliviaTests.xctest; sourceTree = BUILT_PRODUCTS_DIR; };
		07C96CB42C7183E700CA3A07 /* EmergenciasBoliviaTests.swift */ = {isa = PBXFileReference; lastKnownFileType = sourcecode.swift; path = EmergenciasBoliviaTests.swift; sourceTree = "<group>"; };
		07C96CBA2C7183E700CA3A07 /* EmergenciasBoliviaUITests.xctest */ = {isa = PBXFileReference; explicitFileType = wrapper.cfbundle; includeInIndex = 0; path = EmergenciasBoliviaUITests.xctest; sourceTree = BUILT_PRODUCTS_DIR; };
		07C96CBE2C7183E700CA3A07 /* EmergenciasBoliviaUITests.swift */ = {isa = PBXFileReference; lastKnownFileType = sourcecode.swift; path = EmergenciasBoliviaUITests.swift; sourceTree = "<group>"; };
		07C96CC02C7183E700CA3A07 /* EmergenciasBoliviaUITestsLaunchTests.swift */ = {isa = PBXFileReference; lastKnownFileType = sourcecode.swift; path = EmergenciasBoliviaUITestsLaunchTests.swift; sourceTree = "<group>"; };
		2E0F6821E246301D384C7705 /* Pods-EmergenciasBolivia.debug.xcconfig */ = {isa = PBXFileReference; includeInIndex = 1; lastKnownFileType = text.xcconfig; name = "Pods-EmergenciasBolivia.debug.xcconfig"; path = "Target Support Files/Pods-EmergenciasBolivia/Pods-EmergenciasBolivia.debug.xcconfig"; sourceTree = "<group>"; };
		5933FF5FF3BC26B6F2FE41FC /* Pods_EmergenciasBolivia.framework */ = {isa = PBXFileReference; explicitFileType = wrapper.framework; includeInIndex = 0; path = Pods_EmergenciasBolivia.framework; sourceTree = BUILT_PRODUCTS_DIR; };
		B7F5D89FA94664EFB935BD09 /* Pods-EmergenciasBolivia.release.xcconfig */ = {isa = PBXFileReference; includeInIndex = 1; lastKnownFileType = text.xcconfig; name = "Pods-EmergenciasBolivia.release.xcconfig"; path = "Target Support Files/Pods-EmergenciasBolivia/Pods-EmergenciasBolivia.release.xcconfig"; sourceTree = "<group>"; };
/* End PBXFileReference section */

/* Begin PBXFrameworksBuildPhase section */
		07C96C9D2C7183D800CA3A07 /* Frameworks */ = {
			isa = PBXFrameworksBuildPhase;
			buildActionMask = 2147483647;
			files = (
				378E0ECE7928E1343BF491B6 /* Pods_EmergenciasBolivia.framework in Frameworks */,
			);
			runOnlyForDeploymentPostprocessing = 0;
		};
		07C96CAD2C7183E700CA3A07 /* Frameworks */ = {
			isa = PBXFrameworksBuildPhase;
			buildActionMask = 2147483647;
			files = (
			);
			runOnlyForDeploymentPostprocessing = 0;
		};
		07C96CB72C7183E700CA3A07 /* Frameworks */ = {
			isa = PBXFrameworksBuildPhase;
			buildActionMask = 2147483647;
			files = (
			);
			runOnlyForDeploymentPostprocessing = 0;
		};
/* End PBXFrameworksBuildPhase section */

/* Begin PBXGroup section */
		07C96C972C7183D700CA3A07 = {
			isa = PBXGroup;
			children = (
				07C96CA22C7183D800CA3A07 /* EmergenciasBolivia */,
				07C96CB32C7183E700CA3A07 /* EmergenciasBoliviaTests */,
				07C96CBD2C7183E700CA3A07 /* EmergenciasBoliviaUITests */,
				07C96CA12C7183D800CA3A07 /* Products */,
				284AB8911289FB82ABB083C5 /* Pods */,
				E19B6AC14F2C88ED5B4E4F11 /* Frameworks */,
			);
			sourceTree = "<group>";
		};
		07C96CA12C7183D800CA3A07 /* Products */ = {
			isa = PBXGroup;
			children = (
				07C96CA02C7183D800CA3A07 /* EmergenciasBolivia.app */,
				07C96CB02C7183E700CA3A07 /* EmergenciasBoliviaTests.xctest */,
				07C96CBA2C7183E700CA3A07 /* EmergenciasBoliviaUITests.xctest */,
			);
			name = Products;
			sourceTree = "<group>";
		};
		07C96CA22C7183D800CA3A07 /* EmergenciasBolivia */ = {
			isa = PBXGroup;
			children = (
				0711B6552C72807C0039D825 /* GoogleService-Info.plist */,
				07C96CA32C7183D800CA3A07 /* EmergenciasBoliviaApp.swift */,
				07C96CA52C7183D800CA3A07 /* ContentView.swift */,
				07C96CA72C7183E500CA3A07 /* Assets.xcassets */,
				0711B6192C7188DE0039D825 /* voluntario.png */,
				07C96CA92C7183E500CA3A07 /* Preview Content */,
				0711B6512C7221930039D825 /* HomeScreen.swift */,
				0711B6532C7248400039D825 /* Homev2Screen.swift */,
			);
			path = EmergenciasBolivia;
			sourceTree = "<group>";
		};
		07C96CA92C7183E500CA3A07 /* Preview Content */ = {
			isa = PBXGroup;
			children = (
				07C96CAA2C7183E500CA3A07 /* Preview Assets.xcassets */,
			);
			path = "Preview Content";
			sourceTree = "<group>";
		};
		07C96CB32C7183E700CA3A07 /* EmergenciasBoliviaTests */ = {
			isa = PBXGroup;
			children = (
				07C96CB42C7183E700CA3A07 /* EmergenciasBoliviaTests.swift */,
			);
			path = EmergenciasBoliviaTests;
			sourceTree = "<group>";
		};
		07C96CBD2C7183E700CA3A07 /* EmergenciasBoliviaUITests */ = {
			isa = PBXGroup;
			children = (
				07C96CBE2C7183E700CA3A07 /* EmergenciasBoliviaUITests.swift */,
				07C96CC02C7183E700CA3A07 /* EmergenciasBoliviaUITestsLaunchTests.swift */,
			);
			path = EmergenciasBoliviaUITests;
			sourceTree = "<group>";
		};
		284AB8911289FB82ABB083C5 /* Pods */ = {
			isa = PBXGroup;
			children = (
				2E0F6821E246301D384C7705 /* Pods-EmergenciasBolivia.debug.xcconfig */,
				B7F5D89FA94664EFB935BD09 /* Pods-EmergenciasBolivia.release.xcconfig */,
			);
			path = Pods;
			sourceTree = "<group>";
		};
		E19B6AC14F2C88ED5B4E4F11 /* Frameworks */ = {
			isa = PBXGroup;
			children = (
				5933FF5FF3BC26B6F2FE41FC /* Pods_EmergenciasBolivia.framework */,
			);
			name = Frameworks;
			sourceTree = "<group>";
		};
/* End PBXGroup section */

/* Begin PBXNativeTarget section */
		07C96C9F2C7183D800CA3A07 /* EmergenciasBolivia */ = {
			isa = PBXNativeTarget;
			buildConfigurationList = 07C96CC42C7183E700CA3A07 /* Build configuration list for PBXNativeTarget "EmergenciasBolivia" */;
			buildPhases = (
				116395311BCB766A009E9CC2 /* [CP] Check Pods Manifest.lock */,
				07C96C9C2C7183D800CA3A07 /* Sources */,
				07C96C9D2C7183D800CA3A07 /* Frameworks */,
				07C96C9E2C7183D800CA3A07 /* Resources */,
				8346B498B719D989C7C130D7 /* [CP] Embed Pods Frameworks */,
			);
			buildRules = (
			);
			dependencies = (
			);
			name = EmergenciasBolivia;
			productName = EmergenciasBolivia;
			productReference = 07C96CA02C7183D800CA3A07 /* EmergenciasBolivia.app */;
			productType = "com.apple.product-type.application";
		};
		07C96CAF2C7183E700CA3A07 /* EmergenciasBoliviaTests */ = {
			isa = PBXNativeTarget;
			buildConfigurationList = 07C96CC72C7183E700CA3A07 /* Build configuration list for PBXNativeTarget "EmergenciasBoliviaTests" */;
			buildPhases = (
				07C96CAC2C7183E700CA3A07 /* Sources */,
				07C96CAD2C7183E700CA3A07 /* Frameworks */,
				07C96CAE2C7183E700CA3A07 /* Resources */,
			);
			buildRules = (
			);
			dependencies = (
				07C96CB22C7183E700CA3A07 /* PBXTargetDependency */,
			);
			name = EmergenciasBoliviaTests;
			productName = EmergenciasBoliviaTests;
			productReference = 07C96CB02C7183E700CA3A07 /* EmergenciasBoliviaTests.xctest */;
			productType = "com.apple.product-type.bundle.unit-test";
		};
		07C96CB92C7183E700CA3A07 /* EmergenciasBoliviaUITests */ = {
			isa = PBXNativeTarget;
			buildConfigurationList = 07C96CCA2C7183E700CA3A07 /* Build configuration list for PBXNativeTarget "EmergenciasBoliviaUITests" */;
			buildPhases = (
				07C96CB62C7183E700CA3A07 /* Sources */,
				07C96CB72C7183E700CA3A07 /* Frameworks */,
				07C96CB82C7183E700CA3A07 /* Resources */,
			);
			buildRules = (
			);
			dependencies = (
				07C96CBC2C7183E700CA3A07 /* PBXTargetDependency */,
			);
			name = EmergenciasBoliviaUITests;
			productName = EmergenciasBoliviaUITests;
			productReference = 07C96CBA2C7183E700CA3A07 /* EmergenciasBoliviaUITests.xctest */;
			productType = "com.apple.product-type.bundle.ui-testing";
		};
/* End PBXNativeTarget section */

/* Begin PBXProject section */
		07C96C982C7183D700CA3A07 /* Project object */ = {
			isa = PBXProject;
			attributes = {
				BuildIndependentTargetsInParallel = 1;
				LastSwiftUpdateCheck = 1420;
				LastUpgradeCheck = 1420;
				TargetAttributes = {
					07C96C9F2C7183D800CA3A07 = {
						CreatedOnToolsVersion = 14.2;
					};
					07C96CAF2C7183E700CA3A07 = {
						CreatedOnToolsVersion = 14.2;
						TestTargetID = 07C96C9F2C7183D800CA3A07;
					};
					07C96CB92C7183E700CA3A07 = {
						CreatedOnToolsVersion = 14.2;
						TestTargetID = 07C96C9F2C7183D800CA3A07;
					};
				};
			};
			buildConfigurationList = 07C96C9B2C7183D700CA3A07 /* Build configuration list for PBXProject "EmergenciasBolivia" */;
			compatibilityVersion = "Xcode 14.0";
			developmentRegion = en;
			hasScannedForEncodings = 0;
			knownRegions = (
				en,
				Base,
			);
			mainGroup = 07C96C972C7183D700CA3A07;
			productRefGroup = 07C96CA12C7183D800CA3A07 /* Products */;
			projectDirPath = "";
			projectRoot = "";
			targets = (
				07C96C9F2C7183D800CA3A07 /* EmergenciasBolivia */,
				07C96CAF2C7183E700CA3A07 /* EmergenciasBoliviaTests */,
				07C96CB92C7183E700CA3A07 /* EmergenciasBoliviaUITests */,
			);
		};
/* End PBXProject section */

/* Begin PBXResourcesBuildPhase section */
		07C96C9E2C7183D800CA3A07 /* Resources */ = {
			isa = PBXResourcesBuildPhase;
			buildActionMask = 2147483647;
			files = (
				07C96CAB2C7183E500CA3A07 /* Preview Assets.xcassets in Resources */,
				07C96CA82C7183E500CA3A07 /* Assets.xcassets in Resources */,
				0711B61A2C7188DF0039D825 /* voluntario.png in Resources */,
				0711B6562C72807D0039D825 /* GoogleService-Info.plist in Resources */,
			);
			runOnlyForDeploymentPostprocessing = 0;
		};
		07C96CAE2C7183E700CA3A07 /* Resources */ = {
			isa = PBXResourcesBuildPhase;
			buildActionMask = 2147483647;
			files = (
			);
			runOnlyForDeploymentPostprocessing = 0;
		};
		07C96CB82C7183E700CA3A07 /* Resources */ = {
			isa = PBXResourcesBuildPhase;
			buildActionMask = 2147483647;
			files = (
			);
			runOnlyForDeploymentPostprocessing = 0;
		};
/* End PBXResourcesBuildPhase section */

/* Begin PBXShellScriptBuildPhase section */
		116395311BCB766A009E9CC2 /* [CP] Check Pods Manifest.lock */ = {
			isa = PBXShellScriptBuildPhase;
			buildActionMask = 2147483647;
			files = (
			);
			inputFileListPaths = (
			);
			inputPaths = (
				"${PODS_PODFILE_DIR_PATH}/Podfile.lock",
				"${PODS_ROOT}/Manifest.lock",
			);
			name = "[CP] Check Pods Manifest.lock";
			outputFileListPaths = (
			);
			outputPaths = (
				"$(DERIVED_FILE_DIR)/Pods-EmergenciasBolivia-checkManifestLockResult.txt",
			);
			runOnlyForDeploymentPostprocessing = 0;
			shellPath = /bin/sh;
			shellScript = "diff \"${PODS_PODFILE_DIR_PATH}/Podfile.lock\" \"${PODS_ROOT}/Manifest.lock\" > /dev/null\nif [ $? != 0 ] ; then\n    # print error to STDERR\n    echo \"error: The sandbox is not in sync with the Podfile.lock. Run 'pod install' or update your CocoaPods installation.\" >&2\n    exit 1\nfi\n# This output is used by Xcode 'outputs' to avoid re-running this script phase.\necho \"SUCCESS\" > \"${SCRIPT_OUTPUT_FILE_0}\"\n";
			showEnvVarsInLog = 0;
		};
		8346B498B719D989C7C130D7 /* [CP] Embed Pods Frameworks */ = {
			isa = PBXShellScriptBuildPhase;
			buildActionMask = 2147483647;
			files = (
			);
			inputFileListPaths = (
				"${PODS_ROOT}/Target Support Files/Pods-EmergenciasBolivia/Pods-EmergenciasBolivia-frameworks-${CONFIGURATION}-input-files.xcfilelist",
			);
			name = "[CP] Embed Pods Frameworks";
			outputFileListPaths = (
				"${PODS_ROOT}/Target Support Files/Pods-EmergenciasBolivia/Pods-EmergenciasBolivia-frameworks-${CONFIGURATION}-output-files.xcfilelist",
			);
			runOnlyForDeploymentPostprocessing = 0;
			shellPath = /bin/sh;
			shellScript = "\"${PODS_ROOT}/Target Support Files/Pods-EmergenciasBolivia/Pods-EmergenciasBolivia-frameworks.sh\"\n";
			showEnvVarsInLog = 0;
		};
/* End PBXShellScriptBuildPhase section */

/* Begin PBXSourcesBuildPhase section */
		07C96C9C2C7183D800CA3A07 /* Sources */ = {
			isa = PBXSourcesBuildPhase;
			buildActionMask = 2147483647;
			files = (
				07C96CA62C7183D800CA3A07 /* ContentView.swift in Sources */,
				07C96CA42C7183D800CA3A07 /* EmergenciasBoliviaApp.swift in Sources */,
				0711B6542C7248410039D825 /* Homev2Screen.swift in Sources */,
				0711B6522C7221930039D825 /* HomeScreen.swift in Sources */,
			);
			runOnlyForDeploymentPostprocessing = 0;
		};
		07C96CAC2C7183E700CA3A07 /* Sources */ = {
			isa = PBXSourcesBuildPhase;
			buildActionMask = 2147483647;
			files = (
				07C96CB52C7183E700CA3A07 /* EmergenciasBoliviaTests.swift in Sources */,
			);
			runOnlyForDeploymentPostprocessing = 0;
		};
		07C96CB62C7183E700CA3A07 /* Sources */ = {
			isa = PBXSourcesBuildPhase;
			buildActionMask = 2147483647;
			files = (
				07C96CBF2C7183E700CA3A07 /* EmergenciasBoliviaUITests.swift in Sources */,
				07C96CC12C7183E700CA3A07 /* EmergenciasBoliviaUITestsLaunchTests.swift in Sources */,
			);
			runOnlyForDeploymentPostprocessing = 0;
		};
/* End PBXSourcesBuildPhase section */

/* Begin PBXTargetDependency section */
		07C96CB22C7183E700CA3A07 /* PBXTargetDependency */ = {
			isa = PBXTargetDependency;
			target = 07C96C9F2C7183D800CA3A07 /* EmergenciasBolivia */;
			targetProxy = 07C96CB12C7183E700CA3A07 /* PBXContainerItemProxy */;
		};
		07C96CBC2C7183E700CA3A07 /* PBXTargetDependency */ = {
			isa = PBXTargetDependency;
			target = 07C96C9F2C7183D800CA3A07 /* EmergenciasBolivia */;
			targetProxy = 07C96CBB2C7183E700CA3A07 /* PBXContainerItemProxy */;
		};
/* End PBXTargetDependency section */

/* Begin XCBuildConfiguration section */
		07C96CC22C7183E700CA3A07 /* Debug */ = {
			isa = XCBuildConfiguration;
			buildSettings = {
				ALWAYS_SEARCH_USER_PATHS = NO;
				CLANG_ANALYZER_NONNULL = YES;
				CLANG_ANALYZER_NUMBER_OBJECT_CONVERSION = YES_AGGRESSIVE;
				CLANG_CXX_LANGUAGE_STANDARD = "gnu++20";
				CLANG_ENABLE_MODULES = YES;
				CLANG_ENABLE_OBJC_ARC = YES;
				CLANG_ENABLE_OBJC_WEAK = YES;
				CLANG_WARN_BLOCK_CAPTURE_AUTORELEASING = YES;
				CLANG_WARN_BOOL_CONVERSION = YES;
				CLANG_WARN_COMMA = YES;
				CLANG_WARN_CONSTANT_CONVERSION = YES;
				CLANG_WARN_DEPRECATED_OBJC_IMPLEMENTATIONS = YES;
				CLANG_WARN_DIRECT_OBJC_ISA_USAGE = YES_ERROR;
				CLANG_WARN_DOCUMENTATION_COMMENTS = YES;
				CLANG_WARN_EMPTY_BODY = YES;
				CLANG_WARN_ENUM_CONVERSION = YES;
				CLANG_WARN_INFINITE_RECURSION = YES;
				CLANG_WARN_INT_CONVERSION = YES;
				CLANG_WARN_NON_LITERAL_NULL_CONVERSION = YES;
				CLANG_WARN_OBJC_IMPLICIT_RETAIN_SELF = YES;
				CLANG_WARN_OBJC_LITERAL_CONVERSION = YES;
				CLANG_WARN_OBJC_ROOT_CLASS = YES_ERROR;
				CLANG_WARN_QUOTED_INCLUDE_IN_FRAMEWORK_HEADER = YES;
				CLANG_WARN_RANGE_LOOP_ANALYSIS = YES;
				CLANG_WARN_STRICT_PROTOTYPES = YES;
				CLANG_WARN_SUSPICIOUS_MOVE = YES;
				CLANG_WARN_UNGUARDED_AVAILABILITY = YES_AGGRESSIVE;
				CLANG_WARN_UNREACHABLE_CODE = YES;
				CLANG_WARN__DUPLICATE_METHOD_MATCH = YES;
				COPY_PHASE_STRIP = NO;
				DEBUG_INFORMATION_FORMAT = dwarf;
				ENABLE_STRICT_OBJC_MSGSEND = YES;
				ENABLE_TESTABILITY = YES;
				EXCLUDED_ARCHS = "Any IOS Simulator SDK";
				GCC_C_LANGUAGE_STANDARD = gnu11;
				GCC_DYNAMIC_NO_PIC = NO;
				GCC_NO_COMMON_BLOCKS = YES;
				GCC_OPTIMIZATION_LEVEL = 0;
				GCC_PREPROCESSOR_DEFINITIONS = (
					"DEBUG=1",
					"$(inherited)",
				);
				GCC_WARN_64_TO_32_BIT_CONVERSION = YES;
				GCC_WARN_ABOUT_RETURN_TYPE = YES_ERROR;
				GCC_WARN_UNDECLARED_SELECTOR = YES;
				GCC_WARN_UNINITIALIZED_AUTOS = YES_AGGRESSIVE;
				GCC_WARN_UNUSED_FUNCTION = YES;
				GCC_WARN_UNUSED_VARIABLE = YES;
				IPHONEOS_DEPLOYMENT_TARGET = 16.2;
				MTL_ENABLE_DEBUG_INFO = INCLUDE_SOURCE;
				MTL_FAST_MATH = YES;
				ONLY_ACTIVE_ARCH = YES;
				SDKROOT = iphoneos;
				SWIFT_ACTIVE_COMPILATION_CONDITIONS = DEBUG;
				SWIFT_OPTIMIZATION_LEVEL = "-Onone";
			};
			name = Debug;
		};
		07C96CC32C7183E700CA3A07 /* Release */ = {
			isa = XCBuildConfiguration;
			buildSettings = {
				ALWAYS_SEARCH_USER_PATHS = NO;
				CLANG_ANALYZER_NONNULL = YES;
				CLANG_ANALYZER_NUMBER_OBJECT_CONVERSION = YES_AGGRESSIVE;
				CLANG_CXX_LANGUAGE_STANDARD = "gnu++20";
				CLANG_ENABLE_MODULES = YES;
				CLANG_ENABLE_OBJC_ARC = YES;
				CLANG_ENABLE_OBJC_WEAK = YES;
				CLANG_WARN_BLOCK_CAPTURE_AUTORELEASING = YES;
				CLANG_WARN_BOOL_CONVERSION = YES;
				CLANG_WARN_COMMA = YES;
				CLANG_WARN_CONSTANT_CONVERSION = YES;
				CLANG_WARN_DEPRECATED_OBJC_IMPLEMENTATIONS = YES;
				CLANG_WARN_DIRECT_OBJC_ISA_USAGE = YES_ERROR;
				CLANG_WARN_DOCUMENTATION_COMMENTS = YES;
				CLANG_WARN_EMPTY_BODY = YES;
				CLANG_WARN_ENUM_CONVERSION = YES;
				CLANG_WARN_INFINITE_RECURSION = YES;
				CLANG_WARN_INT_CONVERSION = YES;
				CLANG_WARN_NON_LITERAL_NULL_CONVERSION = YES;
				CLANG_WARN_OBJC_IMPLICIT_RETAIN_SELF = YES;
				CLANG_WARN_OBJC_LITERAL_CONVERSION = YES;
				CLANG_WARN_OBJC_ROOT_CLASS = YES_ERROR;
				CLANG_WARN_QUOTED_INCLUDE_IN_FRAMEWORK_HEADER = YES;
				CLANG_WARN_RANGE_LOOP_ANALYSIS = YES;
				CLANG_WARN_STRICT_PROTOTYPES = YES;
				CLANG_WARN_SUSPICIOUS_MOVE = YES;
				CLANG_WARN_UNGUARDED_AVAILABILITY = YES_AGGRESSIVE;
				CLANG_WARN_UNREACHABLE_CODE = YES;
				CLANG_WARN__DUPLICATE_METHOD_MATCH = YES;
				COPY_PHASE_STRIP = NO;
				DEBUG_INFORMATION_FORMAT = "dwarf-with-dsym";
				ENABLE_NS_ASSERTIONS = NO;
				ENABLE_STRICT_OBJC_MSGSEND = YES;
				EXCLUDED_ARCHS = "Any IOS Simulator SDK";
				GCC_C_LANGUAGE_STANDARD = gnu11;
				GCC_NO_COMMON_BLOCKS = YES;
				GCC_WARN_64_TO_32_BIT_CONVERSION = YES;
				GCC_WARN_ABOUT_RETURN_TYPE = YES_ERROR;
				GCC_WARN_UNDECLARED_SELECTOR = YES;
				GCC_WARN_UNINITIALIZED_AUTOS = YES_AGGRESSIVE;
				GCC_WARN_UNUSED_FUNCTION = YES;
				GCC_WARN_UNUSED_VARIABLE = YES;
				IPHONEOS_DEPLOYMENT_TARGET = 16.2;
				MTL_ENABLE_DEBUG_INFO = NO;
				MTL_FAST_MATH = YES;
				SDKROOT = iphoneos;
				SWIFT_COMPILATION_MODE = wholemodule;
				SWIFT_OPTIMIZATION_LEVEL = "-O";
				VALIDATE_PRODUCT = YES;
			};
			name = Release;
		};
		07C96CC52C7183E700CA3A07 /* Debug */ = {
			isa = XCBuildConfiguration;
			baseConfigurationReference = 2E0F6821E246301D384C7705 /* Pods-EmergenciasBolivia.debug.xcconfig */;
			buildSettings = {
				ASSETCATALOG_COMPILER_APPICON_NAME = AppIcon;
				ASSETCATALOG_COMPILER_GLOBAL_ACCENT_COLOR_NAME = AccentColor;
				CODE_SIGN_STYLE = Automatic;
				CURRENT_PROJECT_VERSION = 1;
				DEVELOPMENT_ASSET_PATHS = "\"EmergenciasBolivia/Preview Content\"";
				DEVELOPMENT_TEAM = 3G52V4Z5KC;
				ENABLE_PREVIEWS = YES;
				GENERATE_INFOPLIST_FILE = YES;
				INFOPLIST_KEY_UIApplicationSceneManifest_Generation = YES;
				INFOPLIST_KEY_UIApplicationSupportsIndirectInputEvents = YES;
				INFOPLIST_KEY_UILaunchScreen_Generation = YES;
				INFOPLIST_KEY_UISupportedInterfaceOrientations_iPad = "UIInterfaceOrientationPortrait UIInterfaceOrientationPortraitUpsideDown UIInterfaceOrientationLandscapeLeft UIInterfaceOrientationLandscapeRight";
				INFOPLIST_KEY_UISupportedInterfaceOrientations_iPhone = "UIInterfaceOrientationPortrait UIInterfaceOrientationLandscapeLeft UIInterfaceOrientationLandscapeRight";
				IPHONEOS_DEPLOYMENT_TARGET = 14.0;
				LD_RUNPATH_SEARCH_PATHS = (
					"$(inherited)",
					"@executable_path/Frameworks",
				);
				MARKETING_VERSION = 1.0;
				PRODUCT_BUNDLE_IDENTIFIER = chakuy.EmergenciasBolivia;
				PRODUCT_NAME = "$(TARGET_NAME)";
				SWIFT_EMIT_LOC_STRINGS = YES;
				SWIFT_VERSION = 5.0;
				TARGETED_DEVICE_FAMILY = "1,2";
			};
			name = Debug;
		};
		07C96CC62C7183E700CA3A07 /* Release */ = {
			isa = XCBuildConfiguration;
			baseConfigurationReference = B7F5D89FA94664EFB935BD09 /* Pods-EmergenciasBolivia.release.xcconfig */;
			buildSettings = {
				ASSETCATALOG_COMPILER_APPICON_NAME = AppIcon;
				ASSETCATALOG_COMPILER_GLOBAL_ACCENT_COLOR_NAME = AccentColor;
				CODE_SIGN_STYLE = Automatic;
				CURRENT_PROJECT_VERSION = 1;
				DEVELOPMENT_ASSET_PATHS = "\"EmergenciasBolivia/Preview Content\"";
				DEVELOPMENT_TEAM = 3G52V4Z5KC;
				ENABLE_PREVIEWS = YES;
				GENERATE_INFOPLIST_FILE = YES;
				INFOPLIST_KEY_UIApplicationSceneManifest_Generation = YES;
				INFOPLIST_KEY_UIApplicationSupportsIndirectInputEvents = YES;
				INFOPLIST_KEY_UILaunchScreen_Generation = YES;
				INFOPLIST_KEY_UISupportedInterfaceOrientations_iPad = "UIInterfaceOrientationPortrait UIInterfaceOrientationPortraitUpsideDown UIInterfaceOrientationLandscapeLeft UIInterfaceOrientationLandscapeRight";
				INFOPLIST_KEY_UISupportedInterfaceOrientations_iPhone = "UIInterfaceOrientationPortrait UIInterfaceOrientationLandscapeLeft UIInterfaceOrientationLandscapeRight";
				IPHONEOS_DEPLOYMENT_TARGET = 14.0;
				LD_RUNPATH_SEARCH_PATHS = (
					"$(inherited)",
					"@executable_path/Frameworks",
				);
				MARKETING_VERSION = 1.0;
				PRODUCT_BUNDLE_IDENTIFIER = chakuy.EmergenciasBolivia;
				PRODUCT_NAME = "$(TARGET_NAME)";
				SWIFT_EMIT_LOC_STRINGS = YES;
				SWIFT_VERSION = 5.0;
				TARGETED_DEVICE_FAMILY = "1,2";
			};
			name = Release;
		};
		07C96CC82C7183E700CA3A07 /* Debug */ = {
			isa = XCBuildConfiguration;
			buildSettings = {
				ALWAYS_EMBED_SWIFT_STANDARD_LIBRARIES = YES;
				BUNDLE_LOADER = "$(TEST_HOST)";
				CODE_SIGN_STYLE = Automatic;
				CURRENT_PROJECT_VERSION = 1;
				DEVELOPMENT_TEAM = 3G52V4Z5KC;
				GENERATE_INFOPLIST_FILE = YES;
				IPHONEOS_DEPLOYMENT_TARGET = 16.2;
				MARKETING_VERSION = 1.0;
				PRODUCT_BUNDLE_IDENTIFIER = chakuy.EmergenciasBoliviaTests;
				PRODUCT_NAME = "$(TARGET_NAME)";
				SWIFT_EMIT_LOC_STRINGS = NO;
				SWIFT_VERSION = 5.0;
				TARGETED_DEVICE_FAMILY = "1,2";
				TEST_HOST = "$(BUILT_PRODUCTS_DIR)/EmergenciasBolivia.app/$(BUNDLE_EXECUTABLE_FOLDER_PATH)/EmergenciasBolivia";
			};
			name = Debug;
		};
		07C96CC92C7183E700CA3A07 /* Release */ = {
			isa = XCBuildConfiguration;
			buildSettings = {
				ALWAYS_EMBED_SWIFT_STANDARD_LIBRARIES = YES;
				BUNDLE_LOADER = "$(TEST_HOST)";
				CODE_SIGN_STYLE = Automatic;
				CURRENT_PROJECT_VERSION = 1;
				DEVELOPMENT_TEAM = 3G52V4Z5KC;
				GENERATE_INFOPLIST_FILE = YES;
				IPHONEOS_DEPLOYMENT_TARGET = 16.2;
				MARKETING_VERSION = 1.0;
				PRODUCT_BUNDLE_IDENTIFIER = chakuy.EmergenciasBoliviaTests;
				PRODUCT_NAME = "$(TARGET_NAME)";
				SWIFT_EMIT_LOC_STRINGS = NO;
				SWIFT_VERSION = 5.0;
				TARGETED_DEVICE_FAMILY = "1,2";
				TEST_HOST = "$(BUILT_PRODUCTS_DIR)/EmergenciasBolivia.app/$(BUNDLE_EXECUTABLE_FOLDER_PATH)/EmergenciasBolivia";
			};
			name = Release;
		};
		07C96CCB2C7183E700CA3A07 /* Debug */ = {
			isa = XCBuildConfiguration;
			buildSettings = {
				ALWAYS_EMBED_SWIFT_STANDARD_LIBRARIES = YES;
				CODE_SIGN_STYLE = Automatic;
				CURRENT_PROJECT_VERSION = 1;
				DEVELOPMENT_TEAM = 3G52V4Z5KC;
				GENERATE_INFOPLIST_FILE = YES;
				MARKETING_VERSION = 1.0;
				PRODUCT_BUNDLE_IDENTIFIER = chakuy.EmergenciasBoliviaUITests;
				PRODUCT_NAME = "$(TARGET_NAME)";
				SWIFT_EMIT_LOC_STRINGS = NO;
				SWIFT_VERSION = 5.0;
				TARGETED_DEVICE_FAMILY = "1,2";
				TEST_TARGET_NAME = EmergenciasBolivia;
			};
			name = Debug;
		};
		07C96CCC2C7183E700CA3A07 /* Release */ = {
			isa = XCBuildConfiguration;
			buildSettings = {
				ALWAYS_EMBED_SWIFT_STANDARD_LIBRARIES = YES;
				CODE_SIGN_STYLE = Automatic;
				CURRENT_PROJECT_VERSION = 1;
				DEVELOPMENT_TEAM = 3G52V4Z5KC;
				GENERATE_INFOPLIST_FILE = YES;
				MARKETING_VERSION = 1.0;
				PRODUCT_BUNDLE_IDENTIFIER = chakuy.EmergenciasBoliviaUITests;
				PRODUCT_NAME = "$(TARGET_NAME)";
				SWIFT_EMIT_LOC_STRINGS = NO;
				SWIFT_VERSION = 5.0;
				TARGETED_DEVICE_FAMILY = "1,2";
				TEST_TARGET_NAME = EmergenciasBolivia;
			};
			name = Release;
		};
/* End XCBuildConfiguration section */

/* Begin XCConfigurationList section */
		07C96C9B2C7183D700CA3A07 /* Build configuration list for PBXProject "EmergenciasBolivia" */ = {
			isa = XCConfigurationList;
			buildConfigurations = (
				07C96CC22C7183E700CA3A07 /* Debug */,
				07C96CC32C7183E700CA3A07 /* Release */,
			);
			defaultConfigurationIsVisible = 0;
			defaultConfigurationName = Release;
		};
		07C96CC42C7183E700CA3A07 /* Build configuration list for PBXNativeTarget "EmergenciasBolivia" */ = {
			isa = XCConfigurationList;
			buildConfigurations = (
				07C96CC52C7183E700CA3A07 /* Debug */,
				07C96CC62C7183E700CA3A07 /* Release */,
			);
			defaultConfigurationIsVisible = 0;
			defaultConfigurationName = Release;
		};
		07C96CC72C7183E700CA3A07 /* Build configuration list for PBXNativeTarget "EmergenciasBoliviaTests" */ = {
			isa = XCConfigurationList;
			buildConfigurations = (
				07C96CC82C7183E700CA3A07 /* Debug */,
				07C96CC92C7183E700CA3A07 /* Release */,
			);
			defaultConfigurationIsVisible = 0;
			defaultConfigurationName = Release;
		};
		07C96CCA2C7183E700CA3A07 /* Build configuration list for PBXNativeTarget "EmergenciasBoliviaUITests" */ = {
			isa = XCConfigurationList;
			buildConfigurations = (
				07C96CCB2C7183E700CA3A07 /* Debug */,
				07C96CCC2C7183E700CA3A07 /* Release */,
			);
			defaultConfigurationIsVisible = 0;
			defaultConfigurationName = Release;
		};
/* End XCConfigurationList section */
	};
	rootObject = 07C96C982C7183D700CA3A07 /* Project object */;
}
